// !$*UTF8*$!
{
	archiveVersion = 1;
	classes = {
	};
	objectVersion = 55;
	objects = {

/* Begin PBXBuildFile section */
		026CAEE6281296F000CCE869 /* R.generated.swift in Sources */ = {isa = PBXBuildFile; fileRef = 026CAEE5281296F000CCE869 /* R.generated.swift */; };
		026CAEE92812ABA800CCE869 /* Localizable.strings in Resources */ = {isa = PBXBuildFile; fileRef = 026CAEEB2812ABA800CCE869 /* Localizable.strings */; };
		026CAEEE2812AF2400CCE869 /* SignInView.swift in Sources */ = {isa = PBXBuildFile; fileRef = 026CAEED2812AF2400CCE869 /* SignInView.swift */; };
		02C14A8928125F0A00C828BE /* ScheduleAppSwiftUIApp.swift in Sources */ = {isa = PBXBuildFile; fileRef = 02C14A8828125F0A00C828BE /* ScheduleAppSwiftUIApp.swift */; };
		02C14A8B28125F0A00C828BE /* WelcomeView.swift in Sources */ = {isa = PBXBuildFile; fileRef = 02C14A8A28125F0A00C828BE /* WelcomeView.swift */; };
		02C14A8D28125F0D00C828BE /* Assets.xcassets in Resources */ = {isa = PBXBuildFile; fileRef = 02C14A8C28125F0D00C828BE /* Assets.xcassets */; };
		02C14A9028125F0D00C828BE /* Preview Assets.xcassets in Resources */ = {isa = PBXBuildFile; fileRef = 02C14A8F28125F0D00C828BE /* Preview Assets.xcassets */; };
		02C14A9A28125F0D00C828BE /* ScheduleAppSwiftUITests.swift in Sources */ = {isa = PBXBuildFile; fileRef = 02C14A9928125F0D00C828BE /* ScheduleAppSwiftUITests.swift */; };
		02C14AA428125F0D00C828BE /* ScheduleAppSwiftUIUITests.swift in Sources */ = {isa = PBXBuildFile; fileRef = 02C14AA328125F0D00C828BE /* ScheduleAppSwiftUIUITests.swift */; };
		02C14AA628125F0D00C828BE /* ScheduleAppSwiftUIUITestsLaunchTests.swift in Sources */ = {isa = PBXBuildFile; fileRef = 02C14AA528125F0D00C828BE /* ScheduleAppSwiftUIUITestsLaunchTests.swift */; };
		02C14ABC281274DB00C828BE /* Extension.swift in Sources */ = {isa = PBXBuildFile; fileRef = 02C14ABB281274DB00C828BE /* Extension.swift */; };
		700E46F0F51FD73F9AF50E1D /* Pods_ScheduleAppSwiftUI_ScheduleAppSwiftUIUITests.framework in Frameworks */ = {isa = PBXBuildFile; fileRef = F6C10C70E02604B4894795AD /* Pods_ScheduleAppSwiftUI_ScheduleAppSwiftUIUITests.framework */; };
		D52064223B83B6B8E61BF154 /* Pods_ScheduleAppSwiftUI.framework in Frameworks */ = {isa = PBXBuildFile; fileRef = 10456EFE9089F5F014FC2A5C /* Pods_ScheduleAppSwiftUI.framework */; };
		F1A7CFE080636EC8084CD05F /* Pods_ScheduleAppSwiftUITests.framework in Frameworks */ = {isa = PBXBuildFile; fileRef = CB868810A2DBD2BB4C272597 /* Pods_ScheduleAppSwiftUITests.framework */; };
/* End PBXBuildFile section */

/* Begin PBXContainerItemProxy section */
		02C14A9628125F0D00C828BE /* PBXContainerItemProxy */ = {
			isa = PBXContainerItemProxy;
			containerPortal = 02C14A7D28125F0A00C828BE /* Project object */;
			proxyType = 1;
			remoteGlobalIDString = 02C14A8428125F0A00C828BE;
			remoteInfo = ScheduleAppSwiftUI;
		};
		02C14AA028125F0D00C828BE /* PBXContainerItemProxy */ = {
			isa = PBXContainerItemProxy;
			containerPortal = 02C14A7D28125F0A00C828BE /* Project object */;
			proxyType = 1;
			remoteGlobalIDString = 02C14A8428125F0A00C828BE;
			remoteInfo = ScheduleAppSwiftUI;
		};
/* End PBXContainerItemProxy section */

/* Begin PBXFileReference section */
		026CAEE5281296F000CCE869 /* R.generated.swift */ = {isa = PBXFileReference; fileEncoding = 4; lastKnownFileType = sourcecode.swift; path = R.generated.swift; sourceTree = SOURCE_ROOT; };
		026CAEEA2812ABA800CCE869 /* en */ = {isa = PBXFileReference; lastKnownFileType = text.plist.strings; name = en; path = en.lproj/Localizable.strings; sourceTree = "<group>"; };
		026CAEEC2812ABAD00CCE869 /* vi */ = {isa = PBXFileReference; lastKnownFileType = text.plist.strings; name = vi; path = vi.lproj/Localizable.strings; sourceTree = "<group>"; };
		026CAEED2812AF2400CCE869 /* SignInView.swift */ = {isa = PBXFileReference; lastKnownFileType = sourcecode.swift; path = SignInView.swift; sourceTree = "<group>"; };
		02C14A8528125F0A00C828BE /* ScheduleAppSwiftUI.app */ = {isa = PBXFileReference; explicitFileType = wrapper.application; includeInIndex = 0; path = ScheduleAppSwiftUI.app; sourceTree = BUILT_PRODUCTS_DIR; };
		02C14A8828125F0A00C828BE /* ScheduleAppSwiftUIApp.swift */ = {isa = PBXFileReference; lastKnownFileType = sourcecode.swift; path = ScheduleAppSwiftUIApp.swift; sourceTree = "<group>"; };
		02C14A8A28125F0A00C828BE /* WelcomeView.swift */ = {isa = PBXFileReference; lastKnownFileType = sourcecode.swift; path = WelcomeView.swift; sourceTree = "<group>"; };
		02C14A8C28125F0D00C828BE /* Assets.xcassets */ = {isa = PBXFileReference; lastKnownFileType = folder.assetcatalog; path = Assets.xcassets; sourceTree = "<group>"; };
		02C14A8F28125F0D00C828BE /* Preview Assets.xcassets */ = {isa = PBXFileReference; lastKnownFileType = folder.assetcatalog; path = "Preview Assets.xcassets"; sourceTree = "<group>"; };
		02C14A9528125F0D00C828BE /* ScheduleAppSwiftUITests.xctest */ = {isa = PBXFileReference; explicitFileType = wrapper.cfbundle; includeInIndex = 0; path = ScheduleAppSwiftUITests.xctest; sourceTree = BUILT_PRODUCTS_DIR; };
		02C14A9928125F0D00C828BE /* ScheduleAppSwiftUITests.swift */ = {isa = PBXFileReference; lastKnownFileType = sourcecode.swift; path = ScheduleAppSwiftUITests.swift; sourceTree = "<group>"; };
		02C14A9F28125F0D00C828BE /* ScheduleAppSwiftUIUITests.xctest */ = {isa = PBXFileReference; explicitFileType = wrapper.cfbundle; includeInIndex = 0; path = ScheduleAppSwiftUIUITests.xctest; sourceTree = BUILT_PRODUCTS_DIR; };
		02C14AA328125F0D00C828BE /* ScheduleAppSwiftUIUITests.swift */ = {isa = PBXFileReference; lastKnownFileType = sourcecode.swift; path = ScheduleAppSwiftUIUITests.swift; sourceTree = "<group>"; };
		02C14AA528125F0D00C828BE /* ScheduleAppSwiftUIUITestsLaunchTests.swift */ = {isa = PBXFileReference; lastKnownFileType = sourcecode.swift; path = ScheduleAppSwiftUIUITestsLaunchTests.swift; sourceTree = "<group>"; };
		02C14ABB281274DB00C828BE /* Extension.swift */ = {isa = PBXFileReference; lastKnownFileType = sourcecode.swift; path = Extension.swift; sourceTree = "<group>"; };
		10456EFE9089F5F014FC2A5C /* Pods_ScheduleAppSwiftUI.framework */ = {isa = PBXFileReference; explicitFileType = wrapper.framework; includeInIndex = 0; path = Pods_ScheduleAppSwiftUI.framework; sourceTree = BUILT_PRODUCTS_DIR; };
		1704761F89FE17DCB30F7D33 /* Pods-ScheduleAppSwiftUI-ScheduleAppSwiftUIUITests.debug.xcconfig */ = {isa = PBXFileReference; includeInIndex = 1; lastKnownFileType = text.xcconfig; name = "Pods-ScheduleAppSwiftUI-ScheduleAppSwiftUIUITests.debug.xcconfig"; path = "Target Support Files/Pods-ScheduleAppSwiftUI-ScheduleAppSwiftUIUITests/Pods-ScheduleAppSwiftUI-ScheduleAppSwiftUIUITests.debug.xcconfig"; sourceTree = "<group>"; };
		4A6CACBC7C21A28BFDEB0381 /* Pods-ScheduleAppSwiftUITests.release.xcconfig */ = {isa = PBXFileReference; includeInIndex = 1; lastKnownFileType = text.xcconfig; name = "Pods-ScheduleAppSwiftUITests.release.xcconfig"; path = "Target Support Files/Pods-ScheduleAppSwiftUITests/Pods-ScheduleAppSwiftUITests.release.xcconfig"; sourceTree = "<group>"; };
		67AA59002CE886C8A6CA88D7 /* Pods-ScheduleAppSwiftUITests.debug.xcconfig */ = {isa = PBXFileReference; includeInIndex = 1; lastKnownFileType = text.xcconfig; name = "Pods-ScheduleAppSwiftUITests.debug.xcconfig"; path = "Target Support Files/Pods-ScheduleAppSwiftUITests/Pods-ScheduleAppSwiftUITests.debug.xcconfig"; sourceTree = "<group>"; };
		7CB335EA2181252EED7D2E72 /* Pods-ScheduleAppSwiftUI-ScheduleAppSwiftUIUITests.release.xcconfig */ = {isa = PBXFileReference; includeInIndex = 1; lastKnownFileType = text.xcconfig; name = "Pods-ScheduleAppSwiftUI-ScheduleAppSwiftUIUITests.release.xcconfig"; path = "Target Support Files/Pods-ScheduleAppSwiftUI-ScheduleAppSwiftUIUITests/Pods-ScheduleAppSwiftUI-ScheduleAppSwiftUIUITests.release.xcconfig"; sourceTree = "<group>"; };
		907803D91DF02B0FF215B5B5 /* Pods-ScheduleAppSwiftUI.debug.xcconfig */ = {isa = PBXFileReference; includeInIndex = 1; lastKnownFileType = text.xcconfig; name = "Pods-ScheduleAppSwiftUI.debug.xcconfig"; path = "Target Support Files/Pods-ScheduleAppSwiftUI/Pods-ScheduleAppSwiftUI.debug.xcconfig"; sourceTree = "<group>"; };
		C0A7D0E63A9CC62D2E964204 /* Pods-ScheduleAppSwiftUI.release.xcconfig */ = {isa = PBXFileReference; includeInIndex = 1; lastKnownFileType = text.xcconfig; name = "Pods-ScheduleAppSwiftUI.release.xcconfig"; path = "Target Support Files/Pods-ScheduleAppSwiftUI/Pods-ScheduleAppSwiftUI.release.xcconfig"; sourceTree = "<group>"; };
		CB868810A2DBD2BB4C272597 /* Pods_ScheduleAppSwiftUITests.framework */ = {isa = PBXFileReference; explicitFileType = wrapper.framework; includeInIndex = 0; path = Pods_ScheduleAppSwiftUITests.framework; sourceTree = BUILT_PRODUCTS_DIR; };
		F6C10C70E02604B4894795AD /* Pods_ScheduleAppSwiftUI_ScheduleAppSwiftUIUITests.framework */ = {isa = PBXFileReference; explicitFileType = wrapper.framework; includeInIndex = 0; path = Pods_ScheduleAppSwiftUI_ScheduleAppSwiftUIUITests.framework; sourceTree = BUILT_PRODUCTS_DIR; };
/* End PBXFileReference section */

/* Begin PBXFrameworksBuildPhase section */
		02C14A8228125F0A00C828BE /* Frameworks */ = {
			isa = PBXFrameworksBuildPhase;
			buildActionMask = 2147483647;
			files = (
				D52064223B83B6B8E61BF154 /* Pods_ScheduleAppSwiftUI.framework in Frameworks */,
			);
			runOnlyForDeploymentPostprocessing = 0;
		};
		02C14A9228125F0D00C828BE /* Frameworks */ = {
			isa = PBXFrameworksBuildPhase;
			buildActionMask = 2147483647;
			files = (
				F1A7CFE080636EC8084CD05F /* Pods_ScheduleAppSwiftUITests.framework in Frameworks */,
			);
			runOnlyForDeploymentPostprocessing = 0;
		};
		02C14A9C28125F0D00C828BE /* Frameworks */ = {
			isa = PBXFrameworksBuildPhase;
			buildActionMask = 2147483647;
			files = (
				700E46F0F51FD73F9AF50E1D /* Pods_ScheduleAppSwiftUI_ScheduleAppSwiftUIUITests.framework in Frameworks */,
			);
			runOnlyForDeploymentPostprocessing = 0;
		};
/* End PBXFrameworksBuildPhase section */

/* Begin PBXGroup section */
		02C14A7C28125F0A00C828BE = {
			isa = PBXGroup;
			children = (
				02C14A8728125F0A00C828BE /* ScheduleAppSwiftUI */,
				02C14A9828125F0D00C828BE /* ScheduleAppSwiftUITests */,
				02C14AA228125F0D00C828BE /* ScheduleAppSwiftUIUITests */,
				02C14A8628125F0A00C828BE /* Products */,
				AE0B43F03547464C13244E8E /* Pods */,
				8F34668D3E0B877CE9604D1E /* Frameworks */,
			);
			sourceTree = "<group>";
		};
		02C14A8628125F0A00C828BE /* Products */ = {
			isa = PBXGroup;
			children = (
				02C14A8528125F0A00C828BE /* ScheduleAppSwiftUI.app */,
				02C14A9528125F0D00C828BE /* ScheduleAppSwiftUITests.xctest */,
				02C14A9F28125F0D00C828BE /* ScheduleAppSwiftUIUITests.xctest */,
			);
			name = Products;
			sourceTree = "<group>";
		};
		02C14A8728125F0A00C828BE /* ScheduleAppSwiftUI */ = {
			isa = PBXGroup;
			children = (
				02C14A8828125F0A00C828BE /* ScheduleAppSwiftUIApp.swift */,
				02C14A8A28125F0A00C828BE /* WelcomeView.swift */,
				026CAEED2812AF2400CCE869 /* SignInView.swift */,
				02C14A8C28125F0D00C828BE /* Assets.xcassets */,
				02C14ABB281274DB00C828BE /* Extension.swift */,
				026CAEE5281296F000CCE869 /* R.generated.swift */,
				02C14A8E28125F0D00C828BE /* Preview Content */,
				026CAEEB2812ABA800CCE869 /* Localizable.strings */,
			);
			path = ScheduleAppSwiftUI;
			sourceTree = "<group>";
		};
		02C14A8E28125F0D00C828BE /* Preview Content */ = {
			isa = PBXGroup;
			children = (
				02C14A8F28125F0D00C828BE /* Preview Assets.xcassets */,
			);
			path = "Preview Content";
			sourceTree = "<group>";
		};
		02C14A9828125F0D00C828BE /* ScheduleAppSwiftUITests */ = {
			isa = PBXGroup;
			children = (
				02C14A9928125F0D00C828BE /* ScheduleAppSwiftUITests.swift */,
			);
			path = ScheduleAppSwiftUITests;
			sourceTree = "<group>";
		};
		02C14AA228125F0D00C828BE /* ScheduleAppSwiftUIUITests */ = {
			isa = PBXGroup;
			children = (
				02C14AA328125F0D00C828BE /* ScheduleAppSwiftUIUITests.swift */,
				02C14AA528125F0D00C828BE /* ScheduleAppSwiftUIUITestsLaunchTests.swift */,
			);
			path = ScheduleAppSwiftUIUITests;
			sourceTree = "<group>";
		};
		8F34668D3E0B877CE9604D1E /* Frameworks */ = {
			isa = PBXGroup;
			children = (
				10456EFE9089F5F014FC2A5C /* Pods_ScheduleAppSwiftUI.framework */,
				F6C10C70E02604B4894795AD /* Pods_ScheduleAppSwiftUI_ScheduleAppSwiftUIUITests.framework */,
				CB868810A2DBD2BB4C272597 /* Pods_ScheduleAppSwiftUITests.framework */,
			);
			name = Frameworks;
			sourceTree = "<group>";
		};
		AE0B43F03547464C13244E8E /* Pods */ = {
			isa = PBXGroup;
			children = (
				907803D91DF02B0FF215B5B5 /* Pods-ScheduleAppSwiftUI.debug.xcconfig */,
				C0A7D0E63A9CC62D2E964204 /* Pods-ScheduleAppSwiftUI.release.xcconfig */,
				1704761F89FE17DCB30F7D33 /* Pods-ScheduleAppSwiftUI-ScheduleAppSwiftUIUITests.debug.xcconfig */,
				7CB335EA2181252EED7D2E72 /* Pods-ScheduleAppSwiftUI-ScheduleAppSwiftUIUITests.release.xcconfig */,
				67AA59002CE886C8A6CA88D7 /* Pods-ScheduleAppSwiftUITests.debug.xcconfig */,
				4A6CACBC7C21A28BFDEB0381 /* Pods-ScheduleAppSwiftUITests.release.xcconfig */,
			);
			path = Pods;
			sourceTree = "<group>";
		};
/* End PBXGroup section */

/* Begin PBXNativeTarget section */
		02C14A8428125F0A00C828BE /* ScheduleAppSwiftUI */ = {
			isa = PBXNativeTarget;
			buildConfigurationList = 02C14AA928125F0D00C828BE /* Build configuration list for PBXNativeTarget "ScheduleAppSwiftUI" */;
			buildPhases = (
				761C011A065257E4A4A8A1BE /* [CP] Check Pods Manifest.lock */,
				02C14AB22812683B00C828BE /* Rswift */,
				02C14A8128125F0A00C828BE /* Sources */,
				02C14A8228125F0A00C828BE /* Frameworks */,
				02C14A8328125F0A00C828BE /* Resources */,
				5E0BE33376E7F68BADBD4493 /* [CP] Embed Pods Frameworks */,
			);
			buildRules = (
			);
			dependencies = (
			);
			name = ScheduleAppSwiftUI;
			productName = ScheduleAppSwiftUI;
			productReference = 02C14A8528125F0A00C828BE /* ScheduleAppSwiftUI.app */;
			productType = "com.apple.product-type.application";
		};
		02C14A9428125F0D00C828BE /* ScheduleAppSwiftUITests */ = {
			isa = PBXNativeTarget;
			buildConfigurationList = 02C14AAC28125F0D00C828BE /* Build configuration list for PBXNativeTarget "ScheduleAppSwiftUITests" */;
			buildPhases = (
				A18175660C79E39BD6C8A9E9 /* [CP] Check Pods Manifest.lock */,
				02C14A9128125F0D00C828BE /* Sources */,
				02C14A9228125F0D00C828BE /* Frameworks */,
				02C14A9328125F0D00C828BE /* Resources */,
			);
			buildRules = (
			);
			dependencies = (
				02C14A9728125F0D00C828BE /* PBXTargetDependency */,
			);
			name = ScheduleAppSwiftUITests;
			productName = ScheduleAppSwiftUITests;
			productReference = 02C14A9528125F0D00C828BE /* ScheduleAppSwiftUITests.xctest */;
			productType = "com.apple.product-type.bundle.unit-test";
		};
		02C14A9E28125F0D00C828BE /* ScheduleAppSwiftUIUITests */ = {
			isa = PBXNativeTarget;
			buildConfigurationList = 02C14AAF28125F0D00C828BE /* Build configuration list for PBXNativeTarget "ScheduleAppSwiftUIUITests" */;
			buildPhases = (
				1B23DE02CC83FC3012338821 /* [CP] Check Pods Manifest.lock */,
				02C14A9B28125F0D00C828BE /* Sources */,
				02C14A9C28125F0D00C828BE /* Frameworks */,
				02C14A9D28125F0D00C828BE /* Resources */,
				CB8AEC17C51F2A34D72BAC4A /* [CP] Embed Pods Frameworks */,
			);
			buildRules = (
			);
			dependencies = (
				02C14AA128125F0D00C828BE /* PBXTargetDependency */,
			);
			name = ScheduleAppSwiftUIUITests;
			productName = ScheduleAppSwiftUIUITests;
			productReference = 02C14A9F28125F0D00C828BE /* ScheduleAppSwiftUIUITests.xctest */;
			productType = "com.apple.product-type.bundle.ui-testing";
		};
/* End PBXNativeTarget section */

/* Begin PBXProject section */
		02C14A7D28125F0A00C828BE /* Project object */ = {
			isa = PBXProject;
			attributes = {
				BuildIndependentTargetsInParallel = 1;
				LastSwiftUpdateCheck = 1330;
				LastUpgradeCheck = 1330;
				TargetAttributes = {
					02C14A8428125F0A00C828BE = {
						CreatedOnToolsVersion = 13.3;
					};
					02C14A9428125F0D00C828BE = {
						CreatedOnToolsVersion = 13.3;
						TestTargetID = 02C14A8428125F0A00C828BE;
					};
					02C14A9E28125F0D00C828BE = {
						CreatedOnToolsVersion = 13.3;
						TestTargetID = 02C14A8428125F0A00C828BE;
					};
				};
			};
			buildConfigurationList = 02C14A8028125F0A00C828BE /* Build configuration list for PBXProject "ScheduleAppSwiftUI" */;
			compatibilityVersion = "Xcode 13.0";
			developmentRegion = en;
			hasScannedForEncodings = 0;
			knownRegions = (
				en,
				Base,
				vi,
			);
			mainGroup = 02C14A7C28125F0A00C828BE;
			productRefGroup = 02C14A8628125F0A00C828BE /* Products */;
			projectDirPath = "";
			projectRoot = "";
			targets = (
				02C14A8428125F0A00C828BE /* ScheduleAppSwiftUI */,
				02C14A9428125F0D00C828BE /* ScheduleAppSwiftUITests */,
				02C14A9E28125F0D00C828BE /* ScheduleAppSwiftUIUITests */,
			);
		};
/* End PBXProject section */

/* Begin PBXResourcesBuildPhase section */
		02C14A8328125F0A00C828BE /* Resources */ = {
			isa = PBXResourcesBuildPhase;
			buildActionMask = 2147483647;
			files = (
				02C14A9028125F0D00C828BE /* Preview Assets.xcassets in Resources */,
				026CAEE92812ABA800CCE869 /* Localizable.strings in Resources */,
				02C14A8D28125F0D00C828BE /* Assets.xcassets in Resources */,
			);
			runOnlyForDeploymentPostprocessing = 0;
		};
		02C14A9328125F0D00C828BE /* Resources */ = {
			isa = PBXResourcesBuildPhase;
			buildActionMask = 2147483647;
			files = (
			);
			runOnlyForDeploymentPostprocessing = 0;
		};
		02C14A9D28125F0D00C828BE /* Resources */ = {
			isa = PBXResourcesBuildPhase;
			buildActionMask = 2147483647;
			files = (
			);
			runOnlyForDeploymentPostprocessing = 0;
		};
/* End PBXResourcesBuildPhase section */

/* Begin PBXShellScriptBuildPhase section */
		02C14AB22812683B00C828BE /* Rswift */ = {
			isa = PBXShellScriptBuildPhase;
			alwaysOutOfDate = 1;
			buildActionMask = 2147483647;
			files = (
			);
			inputFileListPaths = (
			);
			inputPaths = (
				"$TEMP_DIR/swift-lastrun",
			);
			name = Rswift;
			outputFileListPaths = (
			);
			outputPaths = (
				$SRCROOT/R.generated.swift,
			);
			runOnlyForDeploymentPostprocessing = 0;
			shellPath = /bin/sh;
			shellScript = "\"$PODS_ROOT/R.swift/rswift\" generate \"$SRCROOT/R.generated.swift\"\n";
		};
		1B23DE02CC83FC3012338821 /* [CP] Check Pods Manifest.lock */ = {
			isa = PBXShellScriptBuildPhase;
			buildActionMask = 2147483647;
			files = (
			);
			inputFileListPaths = (
			);
			inputPaths = (
				"${PODS_PODFILE_DIR_PATH}/Podfile.lock",
				"${PODS_ROOT}/Manifest.lock",
			);
			name = "[CP] Check Pods Manifest.lock";
			outputFileListPaths = (
			);
			outputPaths = (
				"$(DERIVED_FILE_DIR)/Pods-ScheduleAppSwiftUI-ScheduleAppSwiftUIUITests-checkManifestLockResult.txt",
			);
			runOnlyForDeploymentPostprocessing = 0;
			shellPath = /bin/sh;
			shellScript = "diff \"${PODS_PODFILE_DIR_PATH}/Podfile.lock\" \"${PODS_ROOT}/Manifest.lock\" > /dev/null\nif [ $? != 0 ] ; then\n    # print error to STDERR\n    echo \"error: The sandbox is not in sync with the Podfile.lock. Run 'pod install' or update your CocoaPods installation.\" >&2\n    exit 1\nfi\n# This output is used by Xcode 'outputs' to avoid re-running this script phase.\necho \"SUCCESS\" > \"${SCRIPT_OUTPUT_FILE_0}\"\n";
			showEnvVarsInLog = 0;
		};
		5E0BE33376E7F68BADBD4493 /* [CP] Embed Pods Frameworks */ = {
			isa = PBXShellScriptBuildPhase;
			buildActionMask = 2147483647;
			files = (
			);
			inputFileListPaths = (
				"${PODS_ROOT}/Target Support Files/Pods-ScheduleAppSwiftUI/Pods-ScheduleAppSwiftUI-frameworks-${CONFIGURATION}-input-files.xcfilelist",
			);
			name = "[CP] Embed Pods Frameworks";
			outputFileListPaths = (
				"${PODS_ROOT}/Target Support Files/Pods-ScheduleAppSwiftUI/Pods-ScheduleAppSwiftUI-frameworks-${CONFIGURATION}-output-files.xcfilelist",
			);
			runOnlyForDeploymentPostprocessing = 0;
			shellPath = /bin/sh;
			shellScript = "\"${PODS_ROOT}/Target Support Files/Pods-ScheduleAppSwiftUI/Pods-ScheduleAppSwiftUI-frameworks.sh\"\n";
			showEnvVarsInLog = 0;
		};
		761C011A065257E4A4A8A1BE /* [CP] Check Pods Manifest.lock */ = {
			isa = PBXShellScriptBuildPhase;
			buildActionMask = 2147483647;
			files = (
			);
			inputFileListPaths = (
			);
			inputPaths = (
				"${PODS_PODFILE_DIR_PATH}/Podfile.lock",
				"${PODS_ROOT}/Manifest.lock",
			);
			name = "[CP] Check Pods Manifest.lock";
			outputFileListPaths = (
			);
			outputPaths = (
				"$(DERIVED_FILE_DIR)/Pods-ScheduleAppSwiftUI-checkManifestLockResult.txt",
			);
			runOnlyForDeploymentPostprocessing = 0;
			shellPath = /bin/sh;
			shellScript = "diff \"${PODS_PODFILE_DIR_PATH}/Podfile.lock\" \"${PODS_ROOT}/Manifest.lock\" > /dev/null\nif [ $? != 0 ] ; then\n    # print error to STDERR\n    echo \"error: The sandbox is not in sync with the Podfile.lock. Run 'pod install' or update your CocoaPods installation.\" >&2\n    exit 1\nfi\n# This output is used by Xcode 'outputs' to avoid re-running this script phase.\necho \"SUCCESS\" > \"${SCRIPT_OUTPUT_FILE_0}\"\n";
			showEnvVarsInLog = 0;
		};
		A18175660C79E39BD6C8A9E9 /* [CP] Check Pods Manifest.lock */ = {
			isa = PBXShellScriptBuildPhase;
			buildActionMask = 2147483647;
			files = (
			);
			inputFileListPaths = (
			);
			inputPaths = (
				"${PODS_PODFILE_DIR_PATH}/Podfile.lock",
				"${PODS_ROOT}/Manifest.lock",
			);
			name = "[CP] Check Pods Manifest.lock";
			outputFileListPaths = (
			);
			outputPaths = (
				"$(DERIVED_FILE_DIR)/Pods-ScheduleAppSwiftUITests-checkManifestLockResult.txt",
			);
			runOnlyForDeploymentPostprocessing = 0;
			shellPath = /bin/sh;
			shellScript = "diff \"${PODS_PODFILE_DIR_PATH}/Podfile.lock\" \"${PODS_ROOT}/Manifest.lock\" > /dev/null\nif [ $? != 0 ] ; then\n    # print error to STDERR\n    echo \"error: The sandbox is not in sync with the Podfile.lock. Run 'pod install' or update your CocoaPods installation.\" >&2\n    exit 1\nfi\n# This output is used by Xcode 'outputs' to avoid re-running this script phase.\necho \"SUCCESS\" > \"${SCRIPT_OUTPUT_FILE_0}\"\n";
			showEnvVarsInLog = 0;
		};
		CB8AEC17C51F2A34D72BAC4A /* [CP] Embed Pods Frameworks */ = {
			isa = PBXShellScriptBuildPhase;
			buildActionMask = 2147483647;
			files = (
			);
			inputFileListPaths = (
				"${PODS_ROOT}/Target Support Files/Pods-ScheduleAppSwiftUI-ScheduleAppSwiftUIUITests/Pods-ScheduleAppSwiftUI-ScheduleAppSwiftUIUITests-frameworks-${CONFIGURATION}-input-files.xcfilelist",
			);
			name = "[CP] Embed Pods Frameworks";
			outputFileListPaths = (
				"${PODS_ROOT}/Target Support Files/Pods-ScheduleAppSwiftUI-ScheduleAppSwiftUIUITests/Pods-ScheduleAppSwiftUI-ScheduleAppSwiftUIUITests-frameworks-${CONFIGURATION}-output-files.xcfilelist",
			);
			runOnlyForDeploymentPostprocessing = 0;
			shellPath = /bin/sh;
			shellScript = "\"${PODS_ROOT}/Target Support Files/Pods-ScheduleAppSwiftUI-ScheduleAppSwiftUIUITests/Pods-ScheduleAppSwiftUI-ScheduleAppSwiftUIUITests-frameworks.sh\"\n";
			showEnvVarsInLog = 0;
		};
/* End PBXShellScriptBuildPhase section */

/* Begin PBXSourcesBuildPhase section */
		02C14A8128125F0A00C828BE /* Sources */ = {
			isa = PBXSourcesBuildPhase;
			buildActionMask = 2147483647;
			files = (
				026CAEEE2812AF2400CCE869 /* SignInView.swift in Sources */,
				02C14A8B28125F0A00C828BE /* WelcomeView.swift in Sources */,
				02C14A8928125F0A00C828BE /* ScheduleAppSwiftUIApp.swift in Sources */,
				02C14ABC281274DB00C828BE /* Extension.swift in Sources */,
				026CAEE6281296F000CCE869 /* R.generated.swift in Sources */,
			);
			runOnlyForDeploymentPostprocessing = 0;
		};
		02C14A9128125F0D00C828BE /* Sources */ = {
			isa = PBXSourcesBuildPhase;
			buildActionMask = 2147483647;
			files = (
				02C14A9A28125F0D00C828BE /* ScheduleAppSwiftUITests.swift in Sources */,
			);
			runOnlyForDeploymentPostprocessing = 0;
		};
		02C14A9B28125F0D00C828BE /* Sources */ = {
			isa = PBXSourcesBuildPhase;
			buildActionMask = 2147483647;
			files = (
				02C14AA428125F0D00C828BE /* ScheduleAppSwiftUIUITests.swift in Sources */,
				02C14AA628125F0D00C828BE /* ScheduleAppSwiftUIUITestsLaunchTests.swift in Sources */,
			);
			runOnlyForDeploymentPostprocessing = 0;
		};
/* End PBXSourcesBuildPhase section */

/* Begin PBXTargetDependency section */
		02C14A9728125F0D00C828BE /* PBXTargetDependency */ = {
			isa = PBXTargetDependency;
			target = 02C14A8428125F0A00C828BE /* ScheduleAppSwiftUI */;
			targetProxy = 02C14A9628125F0D00C828BE /* PBXContainerItemProxy */;
		};
		02C14AA128125F0D00C828BE /* PBXTargetDependency */ = {
			isa = PBXTargetDependency;
			target = 02C14A8428125F0A00C828BE /* ScheduleAppSwiftUI */;
			targetProxy = 02C14AA028125F0D00C828BE /* PBXContainerItemProxy */;
		};
/* End PBXTargetDependency section */

/* Begin PBXVariantGroup section */
		026CAEEB2812ABA800CCE869 /* Localizable.strings */ = {
			isa = PBXVariantGroup;
			children = (
				026CAEEA2812ABA800CCE869 /* en */,
				026CAEEC2812ABAD00CCE869 /* vi */,
			);
			name = Localizable.strings;
			sourceTree = "<group>";
		};
/* End PBXVariantGroup section */

/* Begin XCBuildConfiguration section */
		02C14AA728125F0D00C828BE /* Debug */ = {
			isa = XCBuildConfiguration;
			buildSettings = {
				ALWAYS_SEARCH_USER_PATHS = NO;
				CLANG_ANALYZER_NONNULL = YES;
				CLANG_ANALYZER_NUMBER_OBJECT_CONVERSION = YES_AGGRESSIVE;
				CLANG_CXX_LANGUAGE_STANDARD = "gnu++17";
				CLANG_ENABLE_MODULES = YES;
				CLANG_ENABLE_OBJC_ARC = YES;
				CLANG_ENABLE_OBJC_WEAK = YES;
				CLANG_WARN_BLOCK_CAPTURE_AUTORELEASING = YES;
				CLANG_WARN_BOOL_CONVERSION = YES;
				CLANG_WARN_COMMA = YES;
				CLANG_WARN_CONSTANT_CONVERSION = YES;
				CLANG_WARN_DEPRECATED_OBJC_IMPLEMENTATIONS = YES;
				CLANG_WARN_DIRECT_OBJC_ISA_USAGE = YES_ERROR;
				CLANG_WARN_DOCUMENTATION_COMMENTS = YES;
				CLANG_WARN_EMPTY_BODY = YES;
				CLANG_WARN_ENUM_CONVERSION = YES;
				CLANG_WARN_INFINITE_RECURSION = YES;
				CLANG_WARN_INT_CONVERSION = YES;
				CLANG_WARN_NON_LITERAL_NULL_CONVERSION = YES;
				CLANG_WARN_OBJC_IMPLICIT_RETAIN_SELF = YES;
				CLANG_WARN_OBJC_LITERAL_CONVERSION = YES;
				CLANG_WARN_OBJC_ROOT_CLASS = YES_ERROR;
				CLANG_WARN_QUOTED_INCLUDE_IN_FRAMEWORK_HEADER = YES;
				CLANG_WARN_RANGE_LOOP_ANALYSIS = YES;
				CLANG_WARN_STRICT_PROTOTYPES = YES;
				CLANG_WARN_SUSPICIOUS_MOVE = YES;
				CLANG_WARN_UNGUARDED_AVAILABILITY = YES_AGGRESSIVE;
				CLANG_WARN_UNREACHABLE_CODE = YES;
				CLANG_WARN__DUPLICATE_METHOD_MATCH = YES;
				COPY_PHASE_STRIP = NO;
				DEBUG_INFORMATION_FORMAT = dwarf;
				ENABLE_STRICT_OBJC_MSGSEND = YES;
				ENABLE_TESTABILITY = YES;
				GCC_C_LANGUAGE_STANDARD = gnu11;
				GCC_DYNAMIC_NO_PIC = NO;
				GCC_NO_COMMON_BLOCKS = YES;
				GCC_OPTIMIZATION_LEVEL = 0;
				GCC_PREPROCESSOR_DEFINITIONS = (
					"DEBUG=1",
					"$(inherited)",
				);
				GCC_WARN_64_TO_32_BIT_CONVERSION = YES;
				GCC_WARN_ABOUT_RETURN_TYPE = YES_ERROR;
				GCC_WARN_UNDECLARED_SELECTOR = YES;
				GCC_WARN_UNINITIALIZED_AUTOS = YES_AGGRESSIVE;
				GCC_WARN_UNUSED_FUNCTION = YES;
				GCC_WARN_UNUSED_VARIABLE = YES;
				IPHONEOS_DEPLOYMENT_TARGET = 15.4;
				MTL_ENABLE_DEBUG_INFO = INCLUDE_SOURCE;
				MTL_FAST_MATH = YES;
				ONLY_ACTIVE_ARCH = YES;
				SDKROOT = iphoneos;
				SWIFT_ACTIVE_COMPILATION_CONDITIONS = DEBUG;
				SWIFT_OPTIMIZATION_LEVEL = "-Onone";
			};
			name = Debug;
		};
		02C14AA828125F0D00C828BE /* Release */ = {
			isa = XCBuildConfiguration;
			buildSettings = {
				ALWAYS_SEARCH_USER_PATHS = NO;
				CLANG_ANALYZER_NONNULL = YES;
				CLANG_ANALYZER_NUMBER_OBJECT_CONVERSION = YES_AGGRESSIVE;
				CLANG_CXX_LANGUAGE_STANDARD = "gnu++17";
				CLANG_ENABLE_MODULES = YES;
				CLANG_ENABLE_OBJC_ARC = YES;
				CLANG_ENABLE_OBJC_WEAK = YES;
				CLANG_WARN_BLOCK_CAPTURE_AUTORELEASING = YES;
				CLANG_WARN_BOOL_CONVERSION = YES;
				CLANG_WARN_COMMA = YES;
				CLANG_WARN_CONSTANT_CONVERSION = YES;
				CLANG_WARN_DEPRECATED_OBJC_IMPLEMENTATIONS = YES;
				CLANG_WARN_DIRECT_OBJC_ISA_USAGE = YES_ERROR;
				CLANG_WARN_DOCUMENTATION_COMMENTS = YES;
				CLANG_WARN_EMPTY_BODY = YES;
				CLANG_WARN_ENUM_CONVERSION = YES;
				CLANG_WARN_INFINITE_RECURSION = YES;
				CLANG_WARN_INT_CONVERSION = YES;
				CLANG_WARN_NON_LITERAL_NULL_CONVERSION = YES;
				CLANG_WARN_OBJC_IMPLICIT_RETAIN_SELF = YES;
				CLANG_WARN_OBJC_LITERAL_CONVERSION = YES;
				CLANG_WARN_OBJC_ROOT_CLASS = YES_ERROR;
				CLANG_WARN_QUOTED_INCLUDE_IN_FRAMEWORK_HEADER = YES;
				CLANG_WARN_RANGE_LOOP_ANALYSIS = YES;
				CLANG_WARN_STRICT_PROTOTYPES = YES;
				CLANG_WARN_SUSPICIOUS_MOVE = YES;
				CLANG_WARN_UNGUARDED_AVAILABILITY = YES_AGGRESSIVE;
				CLANG_WARN_UNREACHABLE_CODE = YES;
				CLANG_WARN__DUPLICATE_METHOD_MATCH = YES;
				COPY_PHASE_STRIP = NO;
				DEBUG_INFORMATION_FORMAT = "dwarf-with-dsym";
				ENABLE_NS_ASSERTIONS = NO;
				ENABLE_STRICT_OBJC_MSGSEND = YES;
				GCC_C_LANGUAGE_STANDARD = gnu11;
				GCC_NO_COMMON_BLOCKS = YES;
				GCC_WARN_64_TO_32_BIT_CONVERSION = YES;
				GCC_WARN_ABOUT_RETURN_TYPE = YES_ERROR;
				GCC_WARN_UNDECLARED_SELECTOR = YES;
				GCC_WARN_UNINITIALIZED_AUTOS = YES_AGGRESSIVE;
				GCC_WARN_UNUSED_FUNCTION = YES;
				GCC_WARN_UNUSED_VARIABLE = YES;
				IPHONEOS_DEPLOYMENT_TARGET = 15.4;
				MTL_ENABLE_DEBUG_INFO = NO;
				MTL_FAST_MATH = YES;
				SDKROOT = iphoneos;
				SWIFT_COMPILATION_MODE = wholemodule;
				SWIFT_OPTIMIZATION_LEVEL = "-O";
				VALIDATE_PRODUCT = YES;
			};
			name = Release;
		};
		02C14AAA28125F0D00C828BE /* Debug */ = {
			isa = XCBuildConfiguration;
			baseConfigurationReference = 907803D91DF02B0FF215B5B5 /* Pods-ScheduleAppSwiftUI.debug.xcconfig */;
			buildSettings = {
				ASSETCATALOG_COMPILER_APPICON_NAME = AppIcon;
				ASSETCATALOG_COMPILER_GLOBAL_ACCENT_COLOR_NAME = AccentColor;
				CODE_SIGN_STYLE = Automatic;
				CURRENT_PROJECT_VERSION = 1;
				DEVELOPMENT_ASSET_PATHS = "\"ScheduleAppSwiftUI/Preview Content\"";
				DEVELOPMENT_TEAM = QW8FBC43DS;
				ENABLE_PREVIEWS = YES;
				GENERATE_INFOPLIST_FILE = YES;
				INFOPLIST_KEY_UIApplicationSceneManifest_Generation = YES;
				INFOPLIST_KEY_UIApplicationSupportsIndirectInputEvents = YES;
				INFOPLIST_KEY_UILaunchScreen_Generation = YES;
				INFOPLIST_KEY_UISupportedInterfaceOrientations_iPad = "UIInterfaceOrientationPortrait UIInterfaceOrientationPortraitUpsideDown UIInterfaceOrientationLandscapeLeft UIInterfaceOrientationLandscapeRight";
				INFOPLIST_KEY_UISupportedInterfaceOrientations_iPhone = "UIInterfaceOrientationPortrait UIInterfaceOrientationLandscapeLeft UIInterfaceOrientationLandscapeRight";
				LD_RUNPATH_SEARCH_PATHS = (
					"$(inherited)",
					"@executable_path/Frameworks",
				);
				MARKETING_VERSION = 1.0;
				PRODUCT_BUNDLE_IDENTIFIER = AT.ScheduleAppSwiftUI;
				PRODUCT_NAME = "$(TARGET_NAME)";
				SWIFT_EMIT_LOC_STRINGS = YES;
				SWIFT_VERSION = 5.0;
				TARGETED_DEVICE_FAMILY = "1,2";
			};
			name = Debug;
		};
		02C14AAB28125F0D00C828BE /* Release */ = {
			isa = XCBuildConfiguration;
			baseConfigurationReference = C0A7D0E63A9CC62D2E964204 /* Pods-ScheduleAppSwiftUI.release.xcconfig */;
			buildSettings = {
				ASSETCATALOG_COMPILER_APPICON_NAME = AppIcon;
				ASSETCATALOG_COMPILER_GLOBAL_ACCENT_COLOR_NAME = AccentColor;
				CODE_SIGN_STYLE = Automatic;
				CURRENT_PROJECT_VERSION = 1;
				DEVELOPMENT_ASSET_PATHS = "\"ScheduleAppSwiftUI/Preview Content\"";
				DEVELOPMENT_TEAM = QW8FBC43DS;
				ENABLE_PREVIEWS = YES;
				GENERATE_INFOPLIST_FILE = YES;
				INFOPLIST_KEY_UIApplicationSceneManifest_Generation = YES;
				INFOPLIST_KEY_UIApplicationSupportsIndirectInputEvents = YES;
				INFOPLIST_KEY_UILaunchScreen_Generation = YES;
				INFOPLIST_KEY_UISupportedInterfaceOrientations_iPad = "UIInterfaceOrientationPortrait UIInterfaceOrientationPortraitUpsideDown UIInterfaceOrientationLandscapeLeft UIInterfaceOrientationLandscapeRight";
				INFOPLIST_KEY_UISupportedInterfaceOrientations_iPhone = "UIInterfaceOrientationPortrait UIInterfaceOrientationLandscapeLeft UIInterfaceOrientationLandscapeRight";
				LD_RUNPATH_SEARCH_PATHS = (
					"$(inherited)",
					"@executable_path/Frameworks",
				);
				MARKETING_VERSION = 1.0;
				PRODUCT_BUNDLE_IDENTIFIER = AT.ScheduleAppSwiftUI;
				PRODUCT_NAME = "$(TARGET_NAME)";
				SWIFT_EMIT_LOC_STRINGS = YES;
				SWIFT_VERSION = 5.0;
				TARGETED_DEVICE_FAMILY = "1,2";
			};
			name = Release;
		};
		02C14AAD28125F0D00C828BE /* Debug */ = {
			isa = XCBuildConfiguration;
			baseConfigurationReference = 67AA59002CE886C8A6CA88D7 /* Pods-ScheduleAppSwiftUITests.debug.xcconfig */;
			buildSettings = {
				ALWAYS_EMBED_SWIFT_STANDARD_LIBRARIES = YES;
				BUNDLE_LOADER = "$(TEST_HOST)";
				CODE_SIGN_STYLE = Automatic;
				CURRENT_PROJECT_VERSION = 1;
				DEVELOPMENT_TEAM = QW8FBC43DS;
				GENERATE_INFOPLIST_FILE = YES;
				IPHONEOS_DEPLOYMENT_TARGET = 15.4;
				MARKETING_VERSION = 1.0;
				PRODUCT_BUNDLE_IDENTIFIER = AT.ScheduleAppSwiftUITests;
				PRODUCT_NAME = "$(TARGET_NAME)";
				SWIFT_EMIT_LOC_STRINGS = NO;
				SWIFT_VERSION = 5.0;
				TARGETED_DEVICE_FAMILY = "1,2";
				TEST_HOST = "$(BUILT_PRODUCTS_DIR)/ScheduleAppSwiftUI.app/ScheduleAppSwiftUI";
			};
			name = Debug;
		};
		02C14AAE28125F0D00C828BE /* Release */ = {
			isa = XCBuildConfiguration;
			baseConfigurationReference = 4A6CACBC7C21A28BFDEB0381 /* Pods-ScheduleAppSwiftUITests.release.xcconfig */;
			buildSettings = {
				ALWAYS_EMBED_SWIFT_STANDARD_LIBRARIES = YES;
				BUNDLE_LOADER = "$(TEST_HOST)";
				CODE_SIGN_STYLE = Automatic;
				CURRENT_PROJECT_VERSION = 1;
				DEVELOPMENT_TEAM = QW8FBC43DS;
				GENERATE_INFOPLIST_FILE = YES;
				IPHONEOS_DEPLOYMENT_TARGET = 15.4;
				MARKETING_VERSION = 1.0;
				PRODUCT_BUNDLE_IDENTIFIER = AT.ScheduleAppSwiftUITests;
				PRODUCT_NAME = "$(TARGET_NAME)";
				SWIFT_EMIT_LOC_STRINGS = NO;
				SWIFT_VERSION = 5.0;
				TARGETED_DEVICE_FAMILY = "1,2";
				TEST_HOST = "$(BUILT_PRODUCTS_DIR)/ScheduleAppSwiftUI.app/ScheduleAppSwiftUI";
			};
			name = Release;
		};
		02C14AB028125F0D00C828BE /* Debug */ = {
			isa = XCBuildConfiguration;
			baseConfigurationReference = 1704761F89FE17DCB30F7D33 /* Pods-ScheduleAppSwiftUI-ScheduleAppSwiftUIUITests.debug.xcconfig */;
			buildSettings = {
				ALWAYS_EMBED_SWIFT_STANDARD_LIBRARIES = YES;
				CODE_SIGN_STYLE = Automatic;
				CURRENT_PROJECT_VERSION = 1;
				DEVELOPMENT_TEAM = QW8FBC43DS;
				GENERATE_INFOPLIST_FILE = YES;
				MARKETING_VERSION = 1.0;
				PRODUCT_BUNDLE_IDENTIFIER = AT.ScheduleAppSwiftUIUITests;
				PRODUCT_NAME = "$(TARGET_NAME)";
				SWIFT_EMIT_LOC_STRINGS = NO;
				SWIFT_VERSION = 5.0;
				TARGETED_DEVICE_FAMILY = "1,2";
				TEST_TARGET_NAME = ScheduleAppSwiftUI;
			};
			name = Debug;
		};
		02C14AB128125F0D00C828BE /* Release */ = {
			isa = XCBuildConfiguration;
			baseConfigurationReference = 7CB335EA2181252EED7D2E72 /* Pods-ScheduleAppSwiftUI-ScheduleAppSwiftUIUITests.release.xcconfig */;
			buildSettings = {
				ALWAYS_EMBED_SWIFT_STANDARD_LIBRARIES = YES;
				CODE_SIGN_STYLE = Automatic;
				CURRENT_PROJECT_VERSION = 1;
				DEVELOPMENT_TEAM = QW8FBC43DS;
				GENERATE_INFOPLIST_FILE = YES;
				MARKETING_VERSION = 1.0;
				PRODUCT_BUNDLE_IDENTIFIER = AT.ScheduleAppSwiftUIUITests;
				PRODUCT_NAME = "$(TARGET_NAME)";
				SWIFT_EMIT_LOC_STRINGS = NO;
				SWIFT_VERSION = 5.0;
				TARGETED_DEVICE_FAMILY = "1,2";
				TEST_TARGET_NAME = ScheduleAppSwiftUI;
			};
			name = Release;
		};
/* End XCBuildConfiguration section */

/* Begin XCConfigurationList section */
		02C14A8028125F0A00C828BE /* Build configuration list for PBXProject "ScheduleAppSwiftUI" */ = {
			isa = XCConfigurationList;
			buildConfigurations = (
				02C14AA728125F0D00C828BE /* Debug */,
				02C14AA828125F0D00C828BE /* Release */,
			);
			defaultConfigurationIsVisible = 0;
			defaultConfigurationName = Release;
		};
		02C14AA928125F0D00C828BE /* Build configuration list for PBXNativeTarget "ScheduleAppSwiftUI" */ = {
			isa = XCConfigurationList;
			buildConfigurations = (
				02C14AAA28125F0D00C828BE /* Debug */,
				02C14AAB28125F0D00C828BE /* Release */,
			);
			defaultConfigurationIsVisible = 0;
			defaultConfigurationName = Release;
		};
		02C14AAC28125F0D00C828BE /* Build configuration list for PBXNativeTarget "ScheduleAppSwiftUITests" */ = {
			isa = XCConfigurationList;
			buildConfigurations = (
				02C14AAD28125F0D00C828BE /* Debug */,
				02C14AAE28125F0D00C828BE /* Release */,
			);
			defaultConfigurationIsVisible = 0;
			defaultConfigurationName = Release;
		};
		02C14AAF28125F0D00C828BE /* Build configuration list for PBXNativeTarget "ScheduleAppSwiftUIUITests" */ = {
			isa = XCConfigurationList;
			buildConfigurations = (
				02C14AB028125F0D00C828BE /* Debug */,
				02C14AB128125F0D00C828BE /* Release */,
			);
			defaultConfigurationIsVisible = 0;
			defaultConfigurationName = Release;
		};
/* End XCConfigurationList section */
	};
	rootObject = 02C14A7D28125F0A00C828BE /* Project object */;
}
